// !$*UTF8*$!
{
	archiveVersion = 1;
	classes = {
	};
	objectVersion = 77;
	objects = {

/* Begin PBXBuildFile section */
		8C2731DD2D99E5B100464FD3 /* Recipe.swift in Sources */ = {isa = PBXBuildFile; fileRef = 8C2731DC2D99E5B100464FD3 /* Recipe.swift */; };
		8C2731DF2D99E64000464FD3 /* Recipes.swift in Sources */ = {isa = PBXBuildFile; fileRef = 8C2731DE2D99E64000464FD3 /* Recipes.swift */; };
		8C2731E12D99F97C00464FD3 /* RecipedListState.swift in Sources */ = {isa = PBXBuildFile; fileRef = 8C2731E02D99F97C00464FD3 /* RecipedListState.swift */; };
		8C2731E32D99FAB100464FD3 /* Endpoint.swift in Sources */ = {isa = PBXBuildFile; fileRef = 8C2731E22D99FAB100464FD3 /* Endpoint.swift */; };
		8C2731E52D9A07D000464FD3 /* Localizable.xcstrings in Resources */ = {isa = PBXBuildFile; fileRef = 8C2731E42D9A07D000464FD3 /* Localizable.xcstrings */; };
		8C2731E72D9A0FAE00464FD3 /* NetworkLayerMock.swift in Sources */ = {isa = PBXBuildFile; fileRef = 8C2731E62D9A0FAE00464FD3 /* NetworkLayerMock.swift */; };
		8C282C652D985EFC00D3E73C /* NetworkLayer.swift in Sources */ = {isa = PBXBuildFile; fileRef = 8C282C642D985EFC00D3E73C /* NetworkLayer.swift */; };
		8C282C672D985FEB00D3E73C /* NetworkLayerLive.swift in Sources */ = {isa = PBXBuildFile; fileRef = 8C282C662D985FEB00D3E73C /* NetworkLayerLive.swift */; };
		8CE07C392D8E82B9002950DC /* RecipesListView.swift in Sources */ = {isa = PBXBuildFile; fileRef = 8CE07C362D8E82B9002950DC /* RecipesListView.swift */; };
		8CE07C3A2D8E82B9002950DC /* FetchTakeHomeApp.swift in Sources */ = {isa = PBXBuildFile; fileRef = 8CE07C372D8E82B9002950DC /* FetchTakeHomeApp.swift */; };
		8CE07C3B2D8E82B9002950DC /* Preview Assets.xcassets in Resources */ = {isa = PBXBuildFile; fileRef = 8CE07C332D8E82B9002950DC /* Preview Assets.xcassets */; };
		8CE07C3C2D8E82B9002950DC /* Assets.xcassets in Resources */ = {isa = PBXBuildFile; fileRef = 8CE07C352D8E82B9002950DC /* Assets.xcassets */; };
		8CE07C3F2D8E833C002950DC /* RecipesListViewModel.swift in Sources */ = {isa = PBXBuildFile; fileRef = 8CE07C3E2D8E833C002950DC /* RecipesListViewModel.swift */; };
/* End PBXBuildFile section */

/* Begin PBXContainerItemProxy section */
		8CE07C4E2D8E8556002950DC /* PBXContainerItemProxy */ = {
			isa = PBXContainerItemProxy;
			containerPortal = 8CE07C1A2D8E8175002950DC /* Project object */;
			proxyType = 1;
			remoteGlobalIDString = 8CE07C212D8E8175002950DC;
			remoteInfo = FetchTakeHome;
		};
/* End PBXContainerItemProxy section */

/* Begin PBXFileReference section */
		8C2731DC2D99E5B100464FD3 /* Recipe.swift */ = {isa = PBXFileReference; lastKnownFileType = sourcecode.swift; path = Recipe.swift; sourceTree = "<group>"; };
		8C2731DE2D99E64000464FD3 /* Recipes.swift */ = {isa = PBXFileReference; lastKnownFileType = sourcecode.swift; path = Recipes.swift; sourceTree = "<group>"; };
		8C2731E02D99F97C00464FD3 /* RecipedListState.swift */ = {isa = PBXFileReference; lastKnownFileType = sourcecode.swift; path = RecipedListState.swift; sourceTree = "<group>"; };
		8C2731E22D99FAB100464FD3 /* Endpoint.swift */ = {isa = PBXFileReference; lastKnownFileType = sourcecode.swift; path = Endpoint.swift; sourceTree = "<group>"; };
		8C2731E42D9A07D000464FD3 /* Localizable.xcstrings */ = {isa = PBXFileReference; lastKnownFileType = text.json.xcstrings; path = Localizable.xcstrings; sourceTree = "<group>"; };
		8C2731E62D9A0FAE00464FD3 /* NetworkLayerMock.swift */ = {isa = PBXFileReference; lastKnownFileType = sourcecode.swift; path = NetworkLayerMock.swift; sourceTree = "<group>"; };
		8C282C642D985EFC00D3E73C /* NetworkLayer.swift */ = {isa = PBXFileReference; lastKnownFileType = sourcecode.swift; path = NetworkLayer.swift; sourceTree = "<group>"; };
		8C282C662D985FEB00D3E73C /* NetworkLayerLive.swift */ = {isa = PBXFileReference; lastKnownFileType = sourcecode.swift; path = NetworkLayerLive.swift; sourceTree = "<group>"; };
		8CE07C222D8E8175002950DC /* FetchTakeHome.app */ = {isa = PBXFileReference; explicitFileType = wrapper.application; includeInIndex = 0; path = FetchTakeHome.app; sourceTree = BUILT_PRODUCTS_DIR; };
		8CE07C332D8E82B9002950DC /* Preview Assets.xcassets */ = {isa = PBXFileReference; lastKnownFileType = folder.assetcatalog; path = "Preview Assets.xcassets"; sourceTree = "<group>"; };
		8CE07C352D8E82B9002950DC /* Assets.xcassets */ = {isa = PBXFileReference; lastKnownFileType = folder.assetcatalog; path = Assets.xcassets; sourceTree = "<group>"; };
		8CE07C362D8E82B9002950DC /* RecipesListView.swift */ = {isa = PBXFileReference; lastKnownFileType = sourcecode.swift; path = RecipesListView.swift; sourceTree = "<group>"; };
		8CE07C372D8E82B9002950DC /* FetchTakeHomeApp.swift */ = {isa = PBXFileReference; lastKnownFileType = sourcecode.swift; path = FetchTakeHomeApp.swift; sourceTree = "<group>"; };
		8CE07C3E2D8E833C002950DC /* RecipesListViewModel.swift */ = {isa = PBXFileReference; lastKnownFileType = sourcecode.swift; path = RecipesListViewModel.swift; sourceTree = "<group>"; };
		8CE07C4A2D8E8556002950DC /* FetchTakeHomeTests.xctest */ = {isa = PBXFileReference; explicitFileType = wrapper.cfbundle; includeInIndex = 0; path = FetchTakeHomeTests.xctest; sourceTree = BUILT_PRODUCTS_DIR; };
/* End PBXFileReference section */

/* Begin PBXFileSystemSynchronizedRootGroup section */
		8CE07C4B2D8E8556002950DC /* FetchTakeHomeTests */ = {
			isa = PBXFileSystemSynchronizedRootGroup;
			path = FetchTakeHomeTests;
			sourceTree = "<group>";
		};
/* End PBXFileSystemSynchronizedRootGroup section */

/* Begin PBXFrameworksBuildPhase section */
		8CE07C1F2D8E8175002950DC /* Frameworks */ = {
			isa = PBXFrameworksBuildPhase;
			buildActionMask = 2147483647;
			files = (
			);
			runOnlyForDeploymentPostprocessing = 0;
		};
		8CE07C472D8E8556002950DC /* Frameworks */ = {
			isa = PBXFrameworksBuildPhase;
			buildActionMask = 2147483647;
			files = (
			);
			runOnlyForDeploymentPostprocessing = 0;
		};
/* End PBXFrameworksBuildPhase section */

/* Begin PBXGroup section */
		8CE07C192D8E8175002950DC = {
			isa = PBXGroup;
			children = (
				8CE07C382D8E82B9002950DC /* FetchTakeHome */,
				8CE07C4B2D8E8556002950DC /* FetchTakeHomeTests */,
				8CE07C232D8E8175002950DC /* Products */,
			);
			sourceTree = "<group>";
		};
		8CE07C232D8E8175002950DC /* Products */ = {
			isa = PBXGroup;
			children = (
				8CE07C222D8E8175002950DC /* FetchTakeHome.app */,
				8CE07C4A2D8E8556002950DC /* FetchTakeHomeTests.xctest */,
			);
			name = Products;
			sourceTree = "<group>";
		};
		8CE07C342D8E82B9002950DC /* Preview Content */ = {
			isa = PBXGroup;
			children = (
				8CE07C332D8E82B9002950DC /* Preview Assets.xcassets */,
			);
			path = "Preview Content";
			sourceTree = "<group>";
		};
		8CE07C382D8E82B9002950DC /* FetchTakeHome */ = {
			isa = PBXGroup;
			children = (
				8CE07C3D2D8E82C0002950DC /* RecipesList */,
				8CE07C422D8E8465002950DC /* RecipesData */,
				8CE07C402D8E841D002950DC /* Networking */,
				8CE07C412D8E8433002950DC /* Localization */,
				8CE07C342D8E82B9002950DC /* Preview Content */,
				8CE07C352D8E82B9002950DC /* Assets.xcassets */,
				8CE07C372D8E82B9002950DC /* FetchTakeHomeApp.swift */,
			);
			path = FetchTakeHome;
			sourceTree = "<group>";
		};
		8CE07C3D2D8E82C0002950DC /* RecipesList */ = {
			isa = PBXGroup;
			children = (
				8CE07C362D8E82B9002950DC /* RecipesListView.swift */,
				8CE07C3E2D8E833C002950DC /* RecipesListViewModel.swift */,
				8C2731E02D99F97C00464FD3 /* RecipedListState.swift */,
			);
			path = RecipesList;
			sourceTree = "<group>";
		};
		8CE07C402D8E841D002950DC /* Networking */ = {
			isa = PBXGroup;
			children = (
				8C282C642D985EFC00D3E73C /* NetworkLayer.swift */,
				8C282C662D985FEB00D3E73C /* NetworkLayerLive.swift */,
				8C2731E62D9A0FAE00464FD3 /* NetworkLayerMock.swift */,
			);
			path = Networking;
			sourceTree = "<group>";
		};
		8CE07C412D8E8433002950DC /* Localization */ = {
			isa = PBXGroup;
			children = (
				8C2731E42D9A07D000464FD3 /* Localizable.xcstrings */,
			);
			path = Localization;
			sourceTree = "<group>";
		};
		8CE07C422D8E8465002950DC /* RecipesData */ = {
			isa = PBXGroup;
			children = (
				8C2731DC2D99E5B100464FD3 /* Recipe.swift */,
				8C2731DE2D99E64000464FD3 /* Recipes.swift */,
				8C2731E22D99FAB100464FD3 /* Endpoint.swift */,
			);
			path = RecipesData;
			sourceTree = "<group>";
		};
/* End PBXGroup section */

/* Begin PBXNativeTarget section */
		8CE07C212D8E8175002950DC /* FetchTakeHome */ = {
			isa = PBXNativeTarget;
			buildConfigurationList = 8CE07C302D8E8177002950DC /* Build configuration list for PBXNativeTarget "FetchTakeHome" */;
			buildPhases = (
				8CE07C1E2D8E8175002950DC /* Sources */,
				8CE07C1F2D8E8175002950DC /* Frameworks */,
				8CE07C202D8E8175002950DC /* Resources */,
				8CE07C562D8E88E3002950DC /* Swiftlint */,
			);
			buildRules = (
			);
			dependencies = (
			);
			name = FetchTakeHome;
			packageProductDependencies = (
			);
			productName = FetchTakeHome;
			productReference = 8CE07C222D8E8175002950DC /* FetchTakeHome.app */;
			productType = "com.apple.product-type.application";
		};
		8CE07C492D8E8556002950DC /* FetchTakeHomeTests */ = {
			isa = PBXNativeTarget;
			buildConfigurationList = 8CE07C502D8E8556002950DC /* Build configuration list for PBXNativeTarget "FetchTakeHomeTests" */;
			buildPhases = (
				8CE07C462D8E8556002950DC /* Sources */,
				8CE07C472D8E8556002950DC /* Frameworks */,
				8CE07C482D8E8556002950DC /* Resources */,
				8CE07C532D8E87D2002950DC /* Swiftlint */,
			);
			buildRules = (
			);
			dependencies = (
				8CE07C4F2D8E8556002950DC /* PBXTargetDependency */,
			);
			fileSystemSynchronizedGroups = (
				8CE07C4B2D8E8556002950DC /* FetchTakeHomeTests */,
			);
			name = FetchTakeHomeTests;
			packageProductDependencies = (
			);
			productName = FetchTakeHomeTests;
			productReference = 8CE07C4A2D8E8556002950DC /* FetchTakeHomeTests.xctest */;
			productType = "com.apple.product-type.bundle.unit-test";
		};
/* End PBXNativeTarget section */

/* Begin PBXProject section */
		8CE07C1A2D8E8175002950DC /* Project object */ = {
			isa = PBXProject;
			attributes = {
				BuildIndependentTargetsInParallel = 1;
				LastSwiftUpdateCheck = 1620;
				LastUpgradeCheck = 1620;
				TargetAttributes = {
					8CE07C212D8E8175002950DC = {
						CreatedOnToolsVersion = 16.2;
					};
					8CE07C492D8E8556002950DC = {
						CreatedOnToolsVersion = 16.2;
						TestTargetID = 8CE07C212D8E8175002950DC;
					};
				};
			};
			buildConfigurationList = 8CE07C1D2D8E8175002950DC /* Build configuration list for PBXProject "FetchTakeHome" */;
			developmentRegion = en;
			hasScannedForEncodings = 0;
			knownRegions = (
				en,
				Base,
			);
			mainGroup = 8CE07C192D8E8175002950DC;
			minimizedProjectReferenceProxies = 1;
			preferredProjectObjectVersion = 77;
			productRefGroup = 8CE07C232D8E8175002950DC /* Products */;
			projectDirPath = "";
			projectRoot = "";
			targets = (
				8CE07C212D8E8175002950DC /* FetchTakeHome */,
				8CE07C492D8E8556002950DC /* FetchTakeHomeTests */,
			);
		};
/* End PBXProject section */

/* Begin PBXResourcesBuildPhase section */
		8CE07C202D8E8175002950DC /* Resources */ = {
			isa = PBXResourcesBuildPhase;
			buildActionMask = 2147483647;
			files = (
				8CE07C3B2D8E82B9002950DC /* Preview Assets.xcassets in Resources */,
				8CE07C3C2D8E82B9002950DC /* Assets.xcassets in Resources */,
				8C2731E52D9A07D000464FD3 /* Localizable.xcstrings in Resources */,
			);
			runOnlyForDeploymentPostprocessing = 0;
		};
		8CE07C482D8E8556002950DC /* Resources */ = {
			isa = PBXResourcesBuildPhase;
			buildActionMask = 2147483647;
			files = (
			);
			runOnlyForDeploymentPostprocessing = 0;
		};
/* End PBXResourcesBuildPhase section */

/* Begin PBXShellScriptBuildPhase section */
		8CE07C532D8E87D2002950DC /* Swiftlint */ = {
			isa = PBXShellScriptBuildPhase;
			alwaysOutOfDate = 1;
			buildActionMask = 2147483647;
			files = (
			);
			inputFileListPaths = (
			);
			inputPaths = (
			);
			name = Swiftlint;
			outputFileListPaths = (
			);
			outputPaths = (
			);
			runOnlyForDeploymentPostprocessing = 0;
			shellPath = /bin/sh;
			shellScript = "if [[ \"$(uname -m)\" == arm64 ]]\nthen\n    export PATH=\"/opt/homebrew/bin:$PATH\"\nfi\n\nif command -v swiftlint >/dev/null 2>&1\nthen\n    swiftlint\nfi\n\n";
		};
		8CE07C562D8E88E3002950DC /* Swiftlint */ = {
			isa = PBXShellScriptBuildPhase;
			alwaysOutOfDate = 1;
			buildActionMask = 2147483647;
			files = (
			);
			inputFileListPaths = (
			);
			inputPaths = (
			);
			name = Swiftlint;
			outputFileListPaths = (
			);
			outputPaths = (
			);
			runOnlyForDeploymentPostprocessing = 0;
			shellPath = /bin/sh;
			shellScript = "export PATH=\"$PATH:/opt/homebrew/bin\"\nif which swiftlint > /dev/null; then\n  swiftlint\nelse\n  echo \"warning: SwiftLint not installed, download from https://github.com/realm/SwiftLint\"\nfi\n\n";
		};
/* End PBXShellScriptBuildPhase section */

/* Begin PBXSourcesBuildPhase section */
		8CE07C1E2D8E8175002950DC /* Sources */ = {
			isa = PBXSourcesBuildPhase;
			buildActionMask = 2147483647;
			files = (
				8C282C652D985EFC00D3E73C /* NetworkLayer.swift in Sources */,
				8C282C672D985FEB00D3E73C /* NetworkLayerLive.swift in Sources */,
				8C2731E72D9A0FAE00464FD3 /* NetworkLayerMock.swift in Sources */,
				8C2731E12D99F97C00464FD3 /* RecipedListState.swift in Sources */,
				8C2731DF2D99E64000464FD3 /* Recipes.swift in Sources */,
				8CE07C392D8E82B9002950DC /* RecipesListView.swift in Sources */,
				8C2731DD2D99E5B100464FD3 /* Recipe.swift in Sources */,
				8CE07C3A2D8E82B9002950DC /* FetchTakeHomeApp.swift in Sources */,
				8C2731E32D99FAB100464FD3 /* Endpoint.swift in Sources */,
				8CE07C3F2D8E833C002950DC /* RecipesListViewModel.swift in Sources */,
			);
			runOnlyForDeploymentPostprocessing = 0;
		};
		8CE07C462D8E8556002950DC /* Sources */ = {
			isa = PBXSourcesBuildPhase;
			buildActionMask = 2147483647;
			files = (
			);
			runOnlyForDeploymentPostprocessing = 0;
		};
/* End PBXSourcesBuildPhase section */

/* Begin PBXTargetDependency section */
		8CE07C4F2D8E8556002950DC /* PBXTargetDependency */ = {
			isa = PBXTargetDependency;
			target = 8CE07C212D8E8175002950DC /* FetchTakeHome */;
			targetProxy = 8CE07C4E2D8E8556002950DC /* PBXContainerItemProxy */;
		};
/* End PBXTargetDependency section */

/* Begin XCBuildConfiguration section */
		8CE07C2E2D8E8177002950DC /* Debug */ = {
			isa = XCBuildConfiguration;
			buildSettings = {
				ALWAYS_SEARCH_USER_PATHS = NO;
				ASSETCATALOG_COMPILER_GENERATE_SWIFT_ASSET_SYMBOL_EXTENSIONS = YES;
				CLANG_ANALYZER_NONNULL = YES;
				CLANG_ANALYZER_NUMBER_OBJECT_CONVERSION = YES_AGGRESSIVE;
				CLANG_CXX_LANGUAGE_STANDARD = "gnu++20";
				CLANG_ENABLE_MODULES = YES;
				CLANG_ENABLE_OBJC_ARC = YES;
				CLANG_ENABLE_OBJC_WEAK = YES;
				CLANG_WARN_BLOCK_CAPTURE_AUTORELEASING = YES;
				CLANG_WARN_BOOL_CONVERSION = YES;
				CLANG_WARN_COMMA = YES;
				CLANG_WARN_CONSTANT_CONVERSION = YES;
				CLANG_WARN_DEPRECATED_OBJC_IMPLEMENTATIONS = YES;
				CLANG_WARN_DIRECT_OBJC_ISA_USAGE = YES_ERROR;
				CLANG_WARN_DOCUMENTATION_COMMENTS = YES;
				CLANG_WARN_EMPTY_BODY = YES;
				CLANG_WARN_ENUM_CONVERSION = YES;
				CLANG_WARN_INFINITE_RECURSION = YES;
				CLANG_WARN_INT_CONVERSION = YES;
				CLANG_WARN_NON_LITERAL_NULL_CONVERSION = YES;
				CLANG_WARN_OBJC_IMPLICIT_RETAIN_SELF = YES;
				CLANG_WARN_OBJC_LITERAL_CONVERSION = YES;
				CLANG_WARN_OBJC_ROOT_CLASS = YES_ERROR;
				CLANG_WARN_QUOTED_INCLUDE_IN_FRAMEWORK_HEADER = YES;
				CLANG_WARN_RANGE_LOOP_ANALYSIS = YES;
				CLANG_WARN_STRICT_PROTOTYPES = YES;
				CLANG_WARN_SUSPICIOUS_MOVE = YES;
				CLANG_WARN_UNGUARDED_AVAILABILITY = YES_AGGRESSIVE;
				CLANG_WARN_UNREACHABLE_CODE = YES;
				CLANG_WARN__DUPLICATE_METHOD_MATCH = YES;
				COPY_PHASE_STRIP = NO;
				DEBUG_INFORMATION_FORMAT = dwarf;
				ENABLE_STRICT_OBJC_MSGSEND = YES;
				ENABLE_TESTABILITY = YES;
				ENABLE_USER_SCRIPT_SANDBOXING = YES;
				GCC_C_LANGUAGE_STANDARD = gnu17;
				GCC_DYNAMIC_NO_PIC = NO;
				GCC_NO_COMMON_BLOCKS = YES;
				GCC_OPTIMIZATION_LEVEL = 0;
				GCC_PREPROCESSOR_DEFINITIONS = (
					"DEBUG=1",
					"$(inherited)",
				);
				GCC_WARN_64_TO_32_BIT_CONVERSION = YES;
				GCC_WARN_ABOUT_RETURN_TYPE = YES_ERROR;
				GCC_WARN_UNDECLARED_SELECTOR = YES;
				GCC_WARN_UNINITIALIZED_AUTOS = YES_AGGRESSIVE;
				GCC_WARN_UNUSED_FUNCTION = YES;
				GCC_WARN_UNUSED_VARIABLE = YES;
				IPHONEOS_DEPLOYMENT_TARGET = 18.2;
				LOCALIZATION_PREFERS_STRING_CATALOGS = YES;
				MTL_ENABLE_DEBUG_INFO = INCLUDE_SOURCE;
				MTL_FAST_MATH = YES;
				ONLY_ACTIVE_ARCH = YES;
				SDKROOT = iphoneos;
				SWIFT_ACTIVE_COMPILATION_CONDITIONS = "DEBUG $(inherited)";
				SWIFT_EMIT_LOC_STRINGS = YES;
				SWIFT_OPTIMIZATION_LEVEL = "-Onone";
			};
			name = Debug;
		};
		8CE07C2F2D8E8177002950DC /* Release */ = {
			isa = XCBuildConfiguration;
			buildSettings = {
				ALWAYS_SEARCH_USER_PATHS = NO;
				ASSETCATALOG_COMPILER_GENERATE_SWIFT_ASSET_SYMBOL_EXTENSIONS = YES;
				CLANG_ANALYZER_NONNULL = YES;
				CLANG_ANALYZER_NUMBER_OBJECT_CONVERSION = YES_AGGRESSIVE;
				CLANG_CXX_LANGUAGE_STANDARD = "gnu++20";
				CLANG_ENABLE_MODULES = YES;
				CLANG_ENABLE_OBJC_ARC = YES;
				CLANG_ENABLE_OBJC_WEAK = YES;
				CLANG_WARN_BLOCK_CAPTURE_AUTORELEASING = YES;
				CLANG_WARN_BOOL_CONVERSION = YES;
				CLANG_WARN_COMMA = YES;
				CLANG_WARN_CONSTANT_CONVERSION = YES;
				CLANG_WARN_DEPRECATED_OBJC_IMPLEMENTATIONS = YES;
				CLANG_WARN_DIRECT_OBJC_ISA_USAGE = YES_ERROR;
				CLANG_WARN_DOCUMENTATION_COMMENTS = YES;
				CLANG_WARN_EMPTY_BODY = YES;
				CLANG_WARN_ENUM_CONVERSION = YES;
				CLANG_WARN_INFINITE_RECURSION = YES;
				CLANG_WARN_INT_CONVERSION = YES;
				CLANG_WARN_NON_LITERAL_NULL_CONVERSION = YES;
				CLANG_WARN_OBJC_IMPLICIT_RETAIN_SELF = YES;
				CLANG_WARN_OBJC_LITERAL_CONVERSION = YES;
				CLANG_WARN_OBJC_ROOT_CLASS = YES_ERROR;
				CLANG_WARN_QUOTED_INCLUDE_IN_FRAMEWORK_HEADER = YES;
				CLANG_WARN_RANGE_LOOP_ANALYSIS = YES;
				CLANG_WARN_STRICT_PROTOTYPES = YES;
				CLANG_WARN_SUSPICIOUS_MOVE = YES;
				CLANG_WARN_UNGUARDED_AVAILABILITY = YES_AGGRESSIVE;
				CLANG_WARN_UNREACHABLE_CODE = YES;
				CLANG_WARN__DUPLICATE_METHOD_MATCH = YES;
				COPY_PHASE_STRIP = NO;
				DEBUG_INFORMATION_FORMAT = "dwarf-with-dsym";
				ENABLE_NS_ASSERTIONS = NO;
				ENABLE_STRICT_OBJC_MSGSEND = YES;
				ENABLE_USER_SCRIPT_SANDBOXING = YES;
				GCC_C_LANGUAGE_STANDARD = gnu17;
				GCC_NO_COMMON_BLOCKS = YES;
				GCC_WARN_64_TO_32_BIT_CONVERSION = YES;
				GCC_WARN_ABOUT_RETURN_TYPE = YES_ERROR;
				GCC_WARN_UNDECLARED_SELECTOR = YES;
				GCC_WARN_UNINITIALIZED_AUTOS = YES_AGGRESSIVE;
				GCC_WARN_UNUSED_FUNCTION = YES;
				GCC_WARN_UNUSED_VARIABLE = YES;
				IPHONEOS_DEPLOYMENT_TARGET = 18.2;
				LOCALIZATION_PREFERS_STRING_CATALOGS = YES;
				MTL_ENABLE_DEBUG_INFO = NO;
				MTL_FAST_MATH = YES;
				SDKROOT = iphoneos;
				SWIFT_COMPILATION_MODE = wholemodule;
				SWIFT_EMIT_LOC_STRINGS = YES;
				VALIDATE_PRODUCT = YES;
			};
			name = Release;
		};
		8CE07C312D8E8177002950DC /* Debug */ = {
			isa = XCBuildConfiguration;
			buildSettings = {
				ASSETCATALOG_COMPILER_APPICON_NAME = AppIcon;
				ASSETCATALOG_COMPILER_GLOBAL_ACCENT_COLOR_NAME = AccentColor;
				CODE_SIGN_STYLE = Automatic;
				CURRENT_PROJECT_VERSION = 1;
				DEVELOPMENT_ASSET_PATHS = "\"FetchTakeHome/Preview Content\"";
				DEVELOPMENT_TEAM = 2W2GK9ZGZC;
				ENABLE_PREVIEWS = YES;
				ENABLE_USER_SCRIPT_SANDBOXING = NO;
				GENERATE_INFOPLIST_FILE = YES;
				INFOPLIST_KEY_UIApplicationSceneManifest_Generation = YES;
				INFOPLIST_KEY_UIApplicationSupportsIndirectInputEvents = YES;
				INFOPLIST_KEY_UILaunchScreen_Generation = YES;
				INFOPLIST_KEY_UISupportedInterfaceOrientations_iPad = "UIInterfaceOrientationPortrait UIInterfaceOrientationPortraitUpsideDown UIInterfaceOrientationLandscapeLeft UIInterfaceOrientationLandscapeRight";
				INFOPLIST_KEY_UISupportedInterfaceOrientations_iPhone = "UIInterfaceOrientationPortrait UIInterfaceOrientationLandscapeLeft UIInterfaceOrientationLandscapeRight";
				IPHONEOS_DEPLOYMENT_TARGET = 17.6;
				LD_RUNPATH_SEARCH_PATHS = (
					"$(inherited)",
					"@executable_path/Frameworks",
				);
				MARKETING_VERSION = 1.0;
				PRODUCT_BUNDLE_IDENTIFIER = com.OleavittApps.FetchTakeHome;
				PRODUCT_NAME = "$(TARGET_NAME)";
				SWIFT_EMIT_LOC_STRINGS = YES;
				SWIFT_STRICT_CONCURRENCY = complete;
				SWIFT_VERSION = 5.0;
				TARGETED_DEVICE_FAMILY = "1,2";
			};
			name = Debug;
		};
		8CE07C322D8E8177002950DC /* Release */ = {
			isa = XCBuildConfiguration;
			buildSettings = {
				ASSETCATALOG_COMPILER_APPICON_NAME = AppIcon;
				ASSETCATALOG_COMPILER_GLOBAL_ACCENT_COLOR_NAME = AccentColor;
				CODE_SIGN_STYLE = Automatic;
				CURRENT_PROJECT_VERSION = 1;
				DEVELOPMENT_ASSET_PATHS = "\"FetchTakeHome/Preview Content\"";
				DEVELOPMENT_TEAM = 2W2GK9ZGZC;
				ENABLE_PREVIEWS = YES;
				ENABLE_USER_SCRIPT_SANDBOXING = NO;
				GENERATE_INFOPLIST_FILE = YES;
				INFOPLIST_KEY_UIApplicationSceneManifest_Generation = YES;
				INFOPLIST_KEY_UIApplicationSupportsIndirectInputEvents = YES;
				INFOPLIST_KEY_UILaunchScreen_Generation = YES;
				INFOPLIST_KEY_UISupportedInterfaceOrientations_iPad = "UIInterfaceOrientationPortrait UIInterfaceOrientationPortraitUpsideDown UIInterfaceOrientationLandscapeLeft UIInterfaceOrientationLandscapeRight";
				INFOPLIST_KEY_UISupportedInterfaceOrientations_iPhone = "UIInterfaceOrientationPortrait UIInterfaceOrientationLandscapeLeft UIInterfaceOrientationLandscapeRight";
				IPHONEOS_DEPLOYMENT_TARGET = 17.6;
				LD_RUNPATH_SEARCH_PATHS = (
					"$(inherited)",
					"@executable_path/Frameworks",
				);
				MARKETING_VERSION = 1.0;
				PRODUCT_BUNDLE_IDENTIFIER = com.OleavittApps.FetchTakeHome;
				PRODUCT_NAME = "$(TARGET_NAME)";
				SWIFT_EMIT_LOC_STRINGS = YES;
				SWIFT_STRICT_CONCURRENCY = complete;
				SWIFT_VERSION = 5.0;
				TARGETED_DEVICE_FAMILY = "1,2";
			};
			name = Release;
		};
		8CE07C512D8E8556002950DC /* Debug */ = {
			isa = XCBuildConfiguration;
			buildSettings = {
				BUNDLE_LOADER = "$(TEST_HOST)";
				CODE_SIGN_STYLE = Automatic;
				CURRENT_PROJECT_VERSION = 1;
				DEVELOPMENT_TEAM = 2W2GK9ZGZC;
				ENABLE_USER_SCRIPT_SANDBOXING = NO;
				GENERATE_INFOPLIST_FILE = YES;
				MARKETING_VERSION = 1.0;
				PRODUCT_BUNDLE_IDENTIFIER = com.OleavittApps.FetchTakeHomeTests;
				PRODUCT_NAME = "$(TARGET_NAME)";
				SWIFT_EMIT_LOC_STRINGS = NO;
				SWIFT_VERSION = 5.0;
				TARGETED_DEVICE_FAMILY = "1,2";
				TEST_HOST = "$(BUILT_PRODUCTS_DIR)/FetchTakeHome.app/$(BUNDLE_EXECUTABLE_FOLDER_PATH)/FetchTakeHome";
			};
			name = Debug;
		};
		8CE07C522D8E8556002950DC /* Release */ = {
			isa = XCBuildConfiguration;
			buildSettings = {
				BUNDLE_LOADER = "$(TEST_HOST)";
				CODE_SIGN_STYLE = Automatic;
				CURRENT_PROJECT_VERSION = 1;
				DEVELOPMENT_TEAM = 2W2GK9ZGZC;
				ENABLE_USER_SCRIPT_SANDBOXING = NO;
				GENERATE_INFOPLIST_FILE = YES;
				MARKETING_VERSION = 1.0;
				PRODUCT_BUNDLE_IDENTIFIER = com.OleavittApps.FetchTakeHomeTests;
				PRODUCT_NAME = "$(TARGET_NAME)";
				SWIFT_EMIT_LOC_STRINGS = NO;
				SWIFT_VERSION = 5.0;
				TARGETED_DEVICE_FAMILY = "1,2";
				TEST_HOST = "$(BUILT_PRODUCTS_DIR)/FetchTakeHome.app/$(BUNDLE_EXECUTABLE_FOLDER_PATH)/FetchTakeHome";
			};
			name = Release;
		};
/* End XCBuildConfiguration section */

/* Begin XCConfigurationList section */
		8CE07C1D2D8E8175002950DC /* Build configuration list for PBXProject "FetchTakeHome" */ = {
			isa = XCConfigurationList;
			buildConfigurations = (
				8CE07C2E2D8E8177002950DC /* Debug */,
				8CE07C2F2D8E8177002950DC /* Release */,
			);
			defaultConfigurationIsVisible = 0;
			defaultConfigurationName = Release;
		};
		8CE07C302D8E8177002950DC /* Build configuration list for PBXNativeTarget "FetchTakeHome" */ = {
			isa = XCConfigurationList;
			buildConfigurations = (
				8CE07C312D8E8177002950DC /* Debug */,
				8CE07C322D8E8177002950DC /* Release */,
			);
			defaultConfigurationIsVisible = 0;
			defaultConfigurationName = Release;
		};
		8CE07C502D8E8556002950DC /* Build configuration list for PBXNativeTarget "FetchTakeHomeTests" */ = {
			isa = XCConfigurationList;
			buildConfigurations = (
				8CE07C512D8E8556002950DC /* Debug */,
				8CE07C522D8E8556002950DC /* Release */,
			);
			defaultConfigurationIsVisible = 0;
			defaultConfigurationName = Release;
		};
/* End XCConfigurationList section */
	};
	rootObject = 8CE07C1A2D8E8175002950DC /* Project object */;
}
